{
  "nodes": {
    "apple-silicon": {
      "inputs": {
        "flake-compat": "flake-compat",
        "nixpkgs": [
          "nixpkgs"
        ]
      },
      "locked": {
        "lastModified": 1772952158,
        "narHash": "sha256-RDR+7v1vaojweHI3FdPnuYPy4wRGfTKgeD5GXrXbfT0=",
        "owner": "tpwrules",
        "repo": "nixos-apple-silicon",
        "rev": "55b7c3c03e9b778d96a71f44400bbdda9a4cfda7",
        "type": "github"
      },
      "original": {
        "owner": "tpwrules",
        "repo": "nixos-apple-silicon",
        "type": "github"
      }
    },
    "flake-compat": {
      "locked": {
        "lastModified": 1761640442,
        "narHash": "sha256-AtrEP6Jmdvrqiv4x2xa5mrtaIp3OEe8uBYCDZDS+hu8=",
        "owner": "nix-community",
        "repo": "flake-compat",
        "rev": "4a56054d8ffc173222d09dad23adf4ba946c8884",
        "type": "github"
      },
      "original": {
        "owner": "nix-community",
        "repo": "flake-compat",
        "type": "github"
      }
    },
    "flake-parts": {
      "inputs": {
        "nixpkgs-lib": [
          "nixpkgs"
        ]
      },
      "locked": {
        "lastModified": 1772408722,
        "narHash": "sha256-rHuJtdcOjK7rAHpHphUb1iCvgkU3GpfvicLMwwnfMT0=",
        "owner": "hercules-ci",
        "repo": "flake-parts",
        "rev": "f20dc5d9b8027381c474144ecabc9034d6a839a3",
        "type": "github"
      },
      "original": {
        "owner": "hercules-ci",
        "repo": "flake-parts",
        "type": "github"
      }
    },
    "flake-parts_2": {
      "inputs": {
        "nixpkgs-lib": [
          "nixvim",
          "nixpkgs"
        ]
      },
      "locked": {
        "lastModified": 1769996383,
        "narHash": "sha256-AnYjnFWgS49RlqX7LrC4uA+sCCDBj0Ry/WOJ5XWAsa0=",
        "owner": "hercules-ci",
        "repo": "flake-parts",
        "rev": "57928607ea566b5db3ad13af0e57e921e6b12381",
        "type": "github"
      },
      "original": {
        "owner": "hercules-ci",
        "repo": "flake-parts",
        "type": "github"
      }
    },
    "home-manager": {
      "inputs": {
        "nixpkgs": [
          "nixpkgs"
        ]
      },
      "locked": {
        "lastModified": 1772985285,
        "narHash": "sha256-wEEmvfqJcl9J0wyMgMrj1TixOgInBW/6tLPhWGoZE3s=",
        "owner": "nix-community",
        "repo": "home-manager",
        "rev": "5be5d8245cbc7bc0c09fbb5f38f23f223c543f85",
        "type": "github"
      },
      "original": {
        "owner": "nix-community",
        "repo": "home-manager",
        "type": "github"
      }
    },
    "nix-darwin": {
      "inputs": {
        "nixpkgs": [
          "nixpkgs"
        ]
      },
      "locked": {
        "lastModified": 1773000227,
        "narHash": "sha256-zm3ftUQw0MPumYi91HovoGhgyZBlM4o3Zy0LhPNwzXE=",
        "owner": "LnL7",
        "repo": "nix-darwin",
        "rev": "da529ac9e46f25ed5616fd634079a5f3c579135f",
        "type": "github"
      },
      "original": {
        "owner": "LnL7",
        "repo": "nix-darwin",
        "type": "github"
      }
    },
    "nix-flatpak": {
      "locked": {
        "lastModified": 1768656715,
        "narHash": "sha256-Sbh037scxKFm7xL0ahgSCw+X2/5ZKeOwI2clqrYr9j4=",
        "owner": "gmodena",
        "repo": "nix-flatpak",
        "rev": "123fe29340a5b8671367055b75a6e7c320d6f89a",
        "type": "github"
      },
      "original": {
        "owner": "gmodena",
        "repo": "nix-flatpak",
        "type": "github"
      }
    },
    "nixpkgs": {
      "locked": {
        "lastModified": 1772927210,
        "narHash": "sha256-FdRDRoV0jRTiPK5ID22BaUX5P0wdsclpxtIOjaEy9Lo=",
        "owner": "NixOS",
        "repo": "nixpkgs",
        "rev": "0e6cdd5be64608ef630c2e41f8d51d484468492f",
        "type": "github"
      },
      "original": {
        "owner": "NixOS",
        "ref": "nixpkgs-unstable",
        "repo": "nixpkgs",
        "type": "github"
      }
    },
    "nixvim": {
      "inputs": {
        "flake-parts": "flake-parts_2",
        "nixpkgs": [
          "nixpkgs"
        ],
        "systems": "systems"
      },
      "locked": {
        "lastModified": 1772402258,
        "narHash": "sha256-3DmCFOdmbkFML1/G9gj8Wb+rCCZFPOQtNoMCpqOF8SA=",
        "owner": "nix-community",
        "repo": "nixvim",
        "rev": "21ae25e13b01d3b4cdc750b5f9e7bad68b150c10",
        "type": "github"
      },
      "original": {
        "owner": "nix-community",
        "repo": "nixvim",
        "type": "github"
      }
    },
    "plasma-manager": {
      "inputs": {
        "home-manager": [
          "home-manager"
        ],
        "nixpkgs": [
          "nixpkgs"
        ]
      },
      "locked": {
        "lastModified": 1772361940,
        "narHash": "sha256-B1Cz+ydL1iaOnGlwOFld/C8lBECPtzhiy/pP93/CuyY=",
        "owner": "nix-community",
        "repo": "plasma-manager",
        "rev": "a4b33606111c9c5dcd10009042bb710307174f51",
        "type": "github"
      },
      "original": {
        "owner": "nix-community",
        "repo": "plasma-manager",
        "type": "github"
      }
    },
    "root": {
      "inputs": {
        "apple-silicon": "apple-silicon",
        "flake-parts": "flake-parts",
        "home-manager": "home-manager",
        "nix-darwin": "nix-darwin",
        "nix-flatpak": "nix-flatpak",
        "nixpkgs": "nixpkgs",
        "nixvim": "nixvim",
        "plasma-manager": "plasma-manager"
      }
    },
    "systems": {
      "locked": {
        "lastModified": 1681028828,
        "narHash": "sha256-Vy1rq5AaRuLzOxct8nz4T6wlgyUR7zLU309k9mBC768=",
        "owner": "nix-systems",
        "repo": "default",
        "rev": "da67096a3b9bf56a91d16901293e51ba5b49a27e",
        "type": "github"
      },
      "original": {
        "owner": "nix-systems",
        "repo": "default",
        "type": "github"
      }
    }
  },
  "root": "root",
  "version": 7
}
